{
  "name": "sysinfo-cli-tool",
  "version": "1.0.0",
  "lockfileVersion": 2,
  "requires": true,
  "packages": {
    "": {
      "name": "sysinfo-cli-tool",
      "version": "1.0.0",
      "license": "ISC",
      "dependencies": {
        "systeminformation": "^5.11.12"
      }
    },
    "node_modules/systeminformation": {
      "version": "5.11.12",
      "resolved": "https://registry.npmjs.org/systeminformation/-/systeminformation-5.11.12.tgz",
      "integrity": "sha512-4OFXesPSSkNiO6SO4L8DQ0Hj2j/fWPmucybnjQsr9BVTI+K3xH6i3zm8f3SyPZQdULOuskUdzerY0ffmmbWKhA==",
      "os": [
        "darwin",
        "linux",
        "win32",
        "freebsd",
        "openbsd",
        "netbsd",
        "sunos",
        "android"
      ],
      "bin": {
        "systeminformation": "lib/cli.js"
      },
      "engines": {
        "node": ">=8.0.0"
      },
      "funding": {
        "type": "Buy me a coffee",
        "url": "https://www.buymeacoffee.com/systeminfo"
      }
    }
  },
  "dependencies": {
    "systeminformation": {
      "version": "5.11.12",
      "resolved": "https://registry.npmjs.org/systeminformation/-/systeminformation-5.11.12.tgz",
      "integrity": "sha512-4OFXesPSSkNiO6SO4L8DQ0Hj2j/fWPmucybnjQsr9BVTI+K3xH6i3zm8f3SyPZQdULOuskUdzerY0ffmmbWKhA=="
    }
  }
}
